{
  "name": "test-npm-behavior",
  "version": "1.0.0",
  "lockfileVersion": 2,
  "requires": true,
  "packages": {
    "": {
      "version": "1.0.0",
      "license": "ISC",
      "dependencies": {
        "xmldom": "github:xmldom/xmldom#0.7.0"
      }
    },
    "node_modules/xmldom": {
      "version": "0.7.0",
      "resolved": "git+ssh://git@github.com/xmldom/xmldom.git#c568938641cc1f121cef5b4df80fcfda1e489b6e",
      "license": "MIT",
      "engines": {
        "node": ">=10.0.0"
      }
    }
  },
  "dependencies": {
    "xmldom": {
      "version": "git+ssh://git@github.com/xmldom/xmldom.git#c568938641cc1f121cef5b4df80fcfda1e489b6e",
      "from": "xmldom@github:xmldom/xmldom#0.7.0"
    }
  }
}
